
Microsoft Visual Studio Solution File, Format Version 12.00
# Visual Studio Version 16
VisualStudioVersion = 16.0.28917.182
MinimumVisualStudioVersion = 10.0.40219.1
Project("{FAE04EC0-301F-11D3-BF4B-00C04F79EFBC}") = "Share.Web", "Share.Web\Share.Web.csproj", "{6609307D-5401-4602-85FF-9AB01EA58135}"
EndProject
Project("{FAE04EC0-301F-11D3-BF4B-00C04F79EFBC}") = "Share.Data", "Share.Data\Share.Data.csproj", "{CD84D62D-85E1-4568-9D3E-FFEEE948AB39}"
EndProject
Project("{FAE04EC0-301F-11D3-BF4B-00C04F79EFBC}") = "Share.Services", "Share.Services\Share.Services.csproj", "{35B261D0-DB53-4EA6-B5FC-4A7390D92FC8}"
EndProject
Global
	GlobalSection(SolutionConfigurationPlatforms) = preSolution
		Debug|Any CPU = Debug|Any CPU
		Release|Any CPU = Release|Any CPU
	EndGlobalSection
	GlobalSection(ProjectConfigurationPlatforms) = postSolution
		{6609307D-5401-4602-85FF-9AB01EA58135}.Debug|Any CPU.ActiveCfg = Debug|Any CPU
		{6609307D-5401-4602-85FF-9AB01EA58135}.Debug|Any CPU.Build.0 = Debug|Any CPU
		{6609307D-5401-4602-85FF-9AB01EA58135}.Release|Any CPU.ActiveCfg = Release|Any CPU
		{6609307D-5401-4602-85FF-9AB01EA58135}.Release|Any CPU.Build.0 = Release|Any CPU
		{CD84D62D-85E1-4568-9D3E-FFEEE948AB39}.Debug|Any CPU.ActiveCfg = Debug|Any CPU
		{CD84D62D-85E1-4568-9D3E-FFEEE948AB39}.Debug|Any CPU.Build.0 = Debug|Any CPU
		{CD84D62D-85E1-4568-9D3E-FFEEE948AB39}.Release|Any CPU.ActiveCfg = Release|Any CPU
		{CD84D62D-85E1-4568-9D3E-FFEEE948AB39}.Release|Any CPU.Build.0 = Release|Any CPU
		{35B261D0-DB53-4EA6-B5FC-4A7390D92FC8}.Debug|Any CPU.ActiveCfg = Debug|Any CPU
		{35B261D0-DB53-4EA6-B5FC-4A7390D92FC8}.Debug|Any CPU.Build.0 = Debug|Any CPU
		{35B261D0-DB53-4EA6-B5FC-4A7390D92FC8}.Release|Any CPU.ActiveCfg = Release|Any CPU
		{35B261D0-DB53-4EA6-B5FC-4A7390D92FC8}.Release|Any CPU.Build.0 = Release|Any CPU
	EndGlobalSection
	GlobalSection(SolutionProperties) = preSolution
		HideSolutionNode = FALSE
	EndGlobalSection
	GlobalSection(ExtensibilityGlobals) = postSolution
		SolutionGuid = {E8951B40-59A0-49B7-AC07-21089551C078}
	EndGlobalSection
EndGlobal
